
Microsoft Visual Studio Solution File, Format Version 12.00
# Visual Studio Version 17
VisualStudioVersion = 17.7.34031.279
MinimumVisualStudioVersion = 10.0.40219.1
Project("{9A19103F-16F7-4668-BE54-9A1E7A4F7556}") = "SNSEndPointCreation", "SNSEndPointCreation.csproj", "{C5654F8E-9286-4931-A908-D2F9D61E04AA}"
EndProject
Global
	GlobalSection(SolutionConfigurationPlatforms) = preSolution
		Debug|Any CPU = Debug|Any CPU
		Release|Any CPU = Release|Any CPU
	EndGlobalSection
	GlobalSection(ProjectConfigurationPlatforms) = postSolution
		{C5654F8E-9286-4931-A908-D2F9D61E04AA}.Debug|Any CPU.ActiveCfg = Debug|Any CPU
		{C5654F8E-9286-4931-A908-D2F9D61E04AA}.Debug|Any CPU.Build.0 = Debug|Any CPU
		{C5654F8E-9286-4931-A908-D2F9D61E04AA}.Release|Any CPU.ActiveCfg = Release|Any CPU
		{C5654F8E-9286-4931-A908-D2F9D61E04AA}.Release|Any CPU.Build.0 = Release|Any CPU
	EndGlobalSection
	GlobalSection(SolutionProperties) = preSolution
		HideSolutionNode = FALSE
	EndGlobalSection
	GlobalSection(ExtensibilityGlobals) = postSolution
		SolutionGuid = {81554C09-8938-4A5D-AD62-AB7C2ACD86C7}
	EndGlobalSection
EndGlobal
